
Microsoft Visual Studio Solution File, Format Version 12.00
# Visual Studio 15
VisualStudioVersion = 15.0.26124.0
MinimumVisualStudioVersion = 15.0.26124.0
Project("{2150E333-8FDC-42A3-9474-1A3956D46DE8}") = "Core", "Core", "{FF73E436-C43A-40F9-9DD4-F9E96F89F495}"
EndProject
Project("{FAE04EC0-301F-11D3-BF4B-00C04F79EFBC}") = "Domain", "Core\Domain\Domain.csproj", "{FCA087D6-F405-4697-B297-886765250982}"
EndProject
Project("{2150E333-8FDC-42A3-9474-1A3956D46DE8}") = "Tests", "Tests", "{F8D12247-3E67-4D71-ADBB-86A8E5E60CB8}"
EndProject
Project("{2150E333-8FDC-42A3-9474-1A3956D46DE8}") = "Unit", "Unit", "{B0519084-6FD3-426F-8F91-C9BA9EEE899D}"
EndProject
Project("{FAE04EC0-301F-11D3-BF4B-00C04F79EFBC}") = "DomainTests", "Tests\Unit\Core\Core.csproj", "{320C7217-46B1-4E47-A018-52ABEABF27CC}"
EndProject
Project("{FAE04EC0-301F-11D3-BF4B-00C04F79EFBC}") = "Application", "Core\Application\Application.csproj", "{4EB296BF-D095-4D15-958D-D5B470155DB0}"
EndProject
Global
	GlobalSection(SolutionConfigurationPlatforms) = preSolution
		Debug|Any CPU = Debug|Any CPU
		Debug|x64 = Debug|x64
		Debug|x86 = Debug|x86
		Release|Any CPU = Release|Any CPU
		Release|x64 = Release|x64
		Release|x86 = Release|x86
	EndGlobalSection
	GlobalSection(SolutionProperties) = preSolution
		HideSolutionNode = FALSE
	EndGlobalSection
	GlobalSection(ProjectConfigurationPlatforms) = postSolution
		{FCA087D6-F405-4697-B297-886765250982}.Debug|Any CPU.ActiveCfg = Debug|Any CPU
		{FCA087D6-F405-4697-B297-886765250982}.Debug|Any CPU.Build.0 = Debug|Any CPU
		{FCA087D6-F405-4697-B297-886765250982}.Debug|x64.ActiveCfg = Debug|Any CPU
		{FCA087D6-F405-4697-B297-886765250982}.Debug|x64.Build.0 = Debug|Any CPU
		{FCA087D6-F405-4697-B297-886765250982}.Debug|x86.ActiveCfg = Debug|Any CPU
		{FCA087D6-F405-4697-B297-886765250982}.Debug|x86.Build.0 = Debug|Any CPU
		{FCA087D6-F405-4697-B297-886765250982}.Release|Any CPU.ActiveCfg = Release|Any CPU
		{FCA087D6-F405-4697-B297-886765250982}.Release|Any CPU.Build.0 = Release|Any CPU
		{FCA087D6-F405-4697-B297-886765250982}.Release|x64.ActiveCfg = Release|Any CPU
		{FCA087D6-F405-4697-B297-886765250982}.Release|x64.Build.0 = Release|Any CPU
		{FCA087D6-F405-4697-B297-886765250982}.Release|x86.ActiveCfg = Release|Any CPU
		{FCA087D6-F405-4697-B297-886765250982}.Release|x86.Build.0 = Release|Any CPU
		{320C7217-46B1-4E47-A018-52ABEABF27CC}.Debug|Any CPU.ActiveCfg = Debug|Any CPU
		{320C7217-46B1-4E47-A018-52ABEABF27CC}.Debug|Any CPU.Build.0 = Debug|Any CPU
		{320C7217-46B1-4E47-A018-52ABEABF27CC}.Debug|x64.ActiveCfg = Debug|Any CPU
		{320C7217-46B1-4E47-A018-52ABEABF27CC}.Debug|x64.Build.0 = Debug|Any CPU
		{320C7217-46B1-4E47-A018-52ABEABF27CC}.Debug|x86.ActiveCfg = Debug|Any CPU
		{320C7217-46B1-4E47-A018-52ABEABF27CC}.Debug|x86.Build.0 = Debug|Any CPU
		{320C7217-46B1-4E47-A018-52ABEABF27CC}.Release|Any CPU.ActiveCfg = Release|Any CPU
		{320C7217-46B1-4E47-A018-52ABEABF27CC}.Release|Any CPU.Build.0 = Release|Any CPU
		{320C7217-46B1-4E47-A018-52ABEABF27CC}.Release|x64.ActiveCfg = Release|Any CPU
		{320C7217-46B1-4E47-A018-52ABEABF27CC}.Release|x64.Build.0 = Release|Any CPU
		{320C7217-46B1-4E47-A018-52ABEABF27CC}.Release|x86.ActiveCfg = Release|Any CPU
		{320C7217-46B1-4E47-A018-52ABEABF27CC}.Release|x86.Build.0 = Release|Any CPU
		{4EB296BF-D095-4D15-958D-D5B470155DB0}.Debug|Any CPU.ActiveCfg = Debug|Any CPU
		{4EB296BF-D095-4D15-958D-D5B470155DB0}.Debug|Any CPU.Build.0 = Debug|Any CPU
		{4EB296BF-D095-4D15-958D-D5B470155DB0}.Debug|x64.ActiveCfg = Debug|Any CPU
		{4EB296BF-D095-4D15-958D-D5B470155DB0}.Debug|x64.Build.0 = Debug|Any CPU
		{4EB296BF-D095-4D15-958D-D5B470155DB0}.Debug|x86.ActiveCfg = Debug|Any CPU
		{4EB296BF-D095-4D15-958D-D5B470155DB0}.Debug|x86.Build.0 = Debug|Any CPU
		{4EB296BF-D095-4D15-958D-D5B470155DB0}.Release|Any CPU.ActiveCfg = Release|Any CPU
		{4EB296BF-D095-4D15-958D-D5B470155DB0}.Release|Any CPU.Build.0 = Release|Any CPU
		{4EB296BF-D095-4D15-958D-D5B470155DB0}.Release|x64.ActiveCfg = Release|Any CPU
		{4EB296BF-D095-4D15-958D-D5B470155DB0}.Release|x64.Build.0 = Release|Any CPU
		{4EB296BF-D095-4D15-958D-D5B470155DB0}.Release|x86.ActiveCfg = Release|Any CPU
		{4EB296BF-D095-4D15-958D-D5B470155DB0}.Release|x86.Build.0 = Release|Any CPU
	EndGlobalSection
	GlobalSection(NestedProjects) = preSolution
		{FCA087D6-F405-4697-B297-886765250982} = {FF73E436-C43A-40F9-9DD4-F9E96F89F495}
		{B0519084-6FD3-426F-8F91-C9BA9EEE899D} = {F8D12247-3E67-4D71-ADBB-86A8E5E60CB8}
		{320C7217-46B1-4E47-A018-52ABEABF27CC} = {B0519084-6FD3-426F-8F91-C9BA9EEE899D}
		{4EB296BF-D095-4D15-958D-D5B470155DB0} = {FF73E436-C43A-40F9-9DD4-F9E96F89F495}
	EndGlobalSection
EndGlobal
